{"filter":false,"title":"package-lock.json","tooltip":"/devterm/package-lock.json","ace":{"folds":[],"scrolltop":4631.660587153589,"scrollleft":0,"selection":{"start":{"row":0,"column":0},"end":{"row":0,"column":0},"isBackwards":false},"options":{"guessTabSize":true,"useWrapMode":false,"wrapToView":true},"firstLineState":0,"cleansed":true},"hash":"bdcbddbcc95ac913c41f80eba037897c3e56d4ce","mime":"application/json","undoManager":{"mark":-1,"position":-1,"stack":[]},"timestamp":1648882309316}